// !$*UTF8*$!
{
	archiveVersion = 1;
	classes = {
	};
	objectVersion = 77;
	objects = {

/* Begin PBXBuildFile section */
		F75BD6992F6A95740097863B /* MeetingRecorderApp.swift in Sources */ = {isa = PBXBuildFile; fileRef = F75BD6982F6A95740097863B /* MeetingRecorderApp.swift */; };
		F75BD69C2F6A95B90097863B /* MeetingRecord.swift in Sources */ = {isa = PBXBuildFile; fileRef = F75BD69B2F6A95B90097863B /* MeetingRecord.swift */; };
		F75BD6A02F6A95D30097863B /* KeychainManager.swift in Sources */ = {isa = PBXBuildFile; fileRef = F75BD69F2F6A95D30097863B /* KeychainManager.swift */; };
		F75BD6A12F6A95D30097863B /* AudioRecordingManager.swift in Sources */ = {isa = PBXBuildFile; fileRef = F75BD69E2F6A95D30097863B /* AudioRecordingManager.swift */; };
		F75BD6A22F6A95D30097863B /* AIService.swift in Sources */ = {isa = PBXBuildFile; fileRef = F75BD69D2F6A95D30097863B /* AIService.swift */; };
		F75BD6A92F6A95DC0097863B /* SettingsView.swift in Sources */ = {isa = PBXBuildFile; fileRef = F75BD6A82F6A95DC0097863B /* SettingsView.swift */; };
		F75BD6AA2F6A95DC0097863B /* ContentView.swift in Sources */ = {isa = PBXBuildFile; fileRef = F75BD6A32F6A95DC0097863B /* ContentView.swift */; };
		F75BD6AB2F6A95DC0097863B /* LoginView.swift in Sources */ = {isa = PBXBuildFile; fileRef = F75BD6A42F6A95DC0097863B /* LoginView.swift */; };
		F75BD6AD2F6A95DC0097863B /* RecordingView.swift in Sources */ = {isa = PBXBuildFile; fileRef = F75BD6A72F6A95DC0097863B /* RecordingView.swift */; };
		F75BD6AE2F6A95DC0097863B /* MeetingListView.swift in Sources */ = {isa = PBXBuildFile; fileRef = F75BD6A62F6A95DC0097863B /* MeetingListView.swift */; };
		F75BD6B22F6AB5B60097863B /* MeetingDetailView.swift in Sources */ = {isa = PBXBuildFile; fileRef = F75BD6B12F6AB5B60097863B /* MeetingDetailView.swift */; };
/* End PBXBuildFile section */

/* Begin PBXContainerItemProxy section */
		F75BD6192F6A90EE0097863B /* PBXContainerItemProxy */ = {
			isa = PBXContainerItemProxy;
			containerPortal = F75BD6032F6A90EB0097863B /* Project object */;
			proxyType = 1;
			remoteGlobalIDString = F75BD60A2F6A90EB0097863B;
			remoteInfo = MeetingRecorder;
		};
		F75BD6232F6A90EE0097863B /* PBXContainerItemProxy */ = {
			isa = PBXContainerItemProxy;
			containerPortal = F75BD6032F6A90EB0097863B /* Project object */;
			proxyType = 1;
			remoteGlobalIDString = F75BD60A2F6A90EB0097863B;
			remoteInfo = MeetingRecorder;
		};
/* End PBXContainerItemProxy section */

/* Begin PBXFileReference section */
		F75BD60B2F6A90EB0097863B /* MeetingRecorder.app */ = {isa = PBXFileReference; explicitFileType = wrapper.application; includeInIndex = 0; path = MeetingRecorder.app; sourceTree = BUILT_PRODUCTS_DIR; };
		F75BD6182F6A90EE0097863B /* MeetingRecorderTests.xctest */ = {isa = PBXFileReference; explicitFileType = wrapper.cfbundle; includeInIndex = 0; path = MeetingRecorderTests.xctest; sourceTree = BUILT_PRODUCTS_DIR; };
		F75BD6222F6A90EE0097863B /* MeetingRecorderUITests.xctest */ = {isa = PBXFileReference; explicitFileType = wrapper.cfbundle; includeInIndex = 0; path = MeetingRecorderUITests.xctest; sourceTree = BUILT_PRODUCTS_DIR; };
		F75BD6982F6A95740097863B /* MeetingRecorderApp.swift */ = {isa = PBXFileReference; lastKnownFileType = sourcecode.swift; path = MeetingRecorderApp.swift; sourceTree = "<group>"; };
		F75BD69A2F6A95790097863B /* MeetingRecorder-Bridging-Header.h */ = {isa = PBXFileReference; lastKnownFileType = sourcecode.c.h; path = "MeetingRecorder-Bridging-Header.h"; sourceTree = "<group>"; };
		F75BD69B2F6A95B90097863B /* MeetingRecord.swift */ = {isa = PBXFileReference; lastKnownFileType = sourcecode.swift; path = MeetingRecord.swift; sourceTree = "<group>"; };
		F75BD69D2F6A95D30097863B /* AIService.swift */ = {isa = PBXFileReference; lastKnownFileType = sourcecode.swift; path = AIService.swift; sourceTree = "<group>"; };
		F75BD69E2F6A95D30097863B /* AudioRecordingManager.swift */ = {isa = PBXFileReference; lastKnownFileType = sourcecode.swift; path = AudioRecordingManager.swift; sourceTree = "<group>"; };
		F75BD69F2F6A95D30097863B /* KeychainManager.swift */ = {isa = PBXFileReference; lastKnownFileType = sourcecode.swift; path = KeychainManager.swift; sourceTree = "<group>"; };
		F75BD6A32F6A95DC0097863B /* ContentView.swift */ = {isa = PBXFileReference; lastKnownFileType = sourcecode.swift; path = ContentView.swift; sourceTree = "<group>"; };
		F75BD6A42F6A95DC0097863B /* LoginView.swift */ = {isa = PBXFileReference; lastKnownFileType = sourcecode.swift; path = LoginView.swift; sourceTree = "<group>"; };
		F75BD6A62F6A95DC0097863B /* MeetingListView.swift */ = {isa = PBXFileReference; lastKnownFileType = sourcecode.swift; path = MeetingListView.swift; sourceTree = "<group>"; };
		F75BD6A72F6A95DC0097863B /* RecordingView.swift */ = {isa = PBXFileReference; lastKnownFileType = sourcecode.swift; path = RecordingView.swift; sourceTree = "<group>"; };
		F75BD6A82F6A95DC0097863B /* SettingsView.swift */ = {isa = PBXFileReference; lastKnownFileType = sourcecode.swift; path = SettingsView.swift; sourceTree = "<group>"; };
		F75BD6B12F6AB5B60097863B /* MeetingDetailView.swift */ = {isa = PBXFileReference; lastKnownFileType = sourcecode.swift; path = MeetingDetailView.swift; sourceTree = "<group>"; };
/* End PBXFileReference section */

/* Begin PBXFileSystemSynchronizedBuildFileExceptionSet section */
		F75BD6542F6A91F20097863B /* Exceptions for "MeetingRecorder" folder in "MeetingRecorder" target */ = {
			isa = PBXFileSystemSynchronizedBuildFileExceptionSet;
			membershipExceptions = (
				Info.plist,
			);
			target = F75BD60A2F6A90EB0097863B /* MeetingRecorder */;
		};
/* End PBXFileSystemSynchronizedBuildFileExceptionSet section */

/* Begin PBXFileSystemSynchronizedRootGroup section */
		F75BD60D2F6A90EB0097863B /* MeetingRecorder */ = {
			isa = PBXFileSystemSynchronizedRootGroup;
			exceptions = (
				F75BD6542F6A91F20097863B /* Exceptions for "MeetingRecorder" folder in "MeetingRecorder" target */,
			);
			path = MeetingRecorder;
			sourceTree = "<group>";
		};
		F75BD61B2F6A90EE0097863B /* MeetingRecorderTests */ = {
			isa = PBXFileSystemSynchronizedRootGroup;
			path = MeetingRecorderTests;
			sourceTree = "<group>";
		};
		F75BD6252F6A90EE0097863B /* MeetingRecorderUITests */ = {
			isa = PBXFileSystemSynchronizedRootGroup;
			path = MeetingRecorderUITests;
			sourceTree = "<group>";
		};
/* End PBXFileSystemSynchronizedRootGroup section */

/* Begin PBXFrameworksBuildPhase section */
		F75BD6082F6A90EB0097863B /* Frameworks */ = {
			isa = PBXFrameworksBuildPhase;
			buildActionMask = 2147483647;
			files = (
			);
			runOnlyForDeploymentPostprocessing = 0;
		};
		F75BD6152F6A90EE0097863B /* Frameworks */ = {
			isa = PBXFrameworksBuildPhase;
			buildActionMask = 2147483647;
			files = (
			);
			runOnlyForDeploymentPostprocessing = 0;
		};
		F75BD61F2F6A90EE0097863B /* Frameworks */ = {
			isa = PBXFrameworksBuildPhase;
			buildActionMask = 2147483647;
			files = (
			);
			runOnlyForDeploymentPostprocessing = 0;
		};
/* End PBXFrameworksBuildPhase section */

/* Begin PBXGroup section */
		F75BD6022F6A90EB0097863B = {
			isa = PBXGroup;
			children = (
				F75BD60D2F6A90EB0097863B /* MeetingRecorder */,
				F75BD61B2F6A90EE0097863B /* MeetingRecorderTests */,
				F75BD6252F6A90EE0097863B /* MeetingRecorderUITests */,
				F75BD60C2F6A90EB0097863B /* Products */,
				F75BD6982F6A95740097863B /* MeetingRecorderApp.swift */,
				F75BD69A2F6A95790097863B /* MeetingRecorder-Bridging-Header.h */,
				F75BD69B2F6A95B90097863B /* MeetingRecord.swift */,
				F75BD69D2F6A95D30097863B /* AIService.swift */,
				F75BD69E2F6A95D30097863B /* AudioRecordingManager.swift */,
				F75BD69F2F6A95D30097863B /* KeychainManager.swift */,
				F75BD6A32F6A95DC0097863B /* ContentView.swift */,
				F75BD6A42F6A95DC0097863B /* LoginView.swift */,
				F75BD6A62F6A95DC0097863B /* MeetingListView.swift */,
				F75BD6A72F6A95DC0097863B /* RecordingView.swift */,
				F75BD6A82F6A95DC0097863B /* SettingsView.swift */,
				F75BD6B12F6AB5B60097863B /* MeetingDetailView.swift */,
			);
			sourceTree = "<group>";
		};
		F75BD60C2F6A90EB0097863B /* Products */ = {
			isa = PBXGroup;
			children = (
				F75BD60B2F6A90EB0097863B /* MeetingRecorder.app */,
				F75BD6182F6A90EE0097863B /* MeetingRecorderTests.xctest */,
				F75BD6222F6A90EE0097863B /* MeetingRecorderUITests.xctest */,
			);
			name = Products;
			sourceTree = "<group>";
		};
/* End PBXGroup section */

/* Begin PBXNativeTarget section */
		F75BD60A2F6A90EB0097863B /* MeetingRecorder */ = {
			isa = PBXNativeTarget;
			buildConfigurationList = F75BD62C2F6A90EE0097863B /* Build configuration list for PBXNativeTarget "MeetingRecorder" */;
			buildPhases = (
				F75BD6072F6A90EB0097863B /* Sources */,
				F75BD6082F6A90EB0097863B /* Frameworks */,
				F75BD6092F6A90EB0097863B /* Resources */,
			);
			buildRules = (
			);
			dependencies = (
			);
			fileSystemSynchronizedGroups = (
				F75BD60D2F6A90EB0097863B /* MeetingRecorder */,
			);
			name = MeetingRecorder;
			packageProductDependencies = (
			);
			productName = MeetingRecorder;
			productReference = F75BD60B2F6A90EB0097863B /* MeetingRecorder.app */;
			productType = "com.apple.product-type.application";
		};
		F75BD6172F6A90EE0097863B /* MeetingRecorderTests */ = {
			isa = PBXNativeTarget;
			buildConfigurationList = F75BD62F2F6A90EE0097863B /* Build configuration list for PBXNativeTarget "MeetingRecorderTests" */;
			buildPhases = (
				F75BD6142F6A90EE0097863B /* Sources */,
				F75BD6152F6A90EE0097863B /* Frameworks */,
				F75BD6162F6A90EE0097863B /* Resources */,
			);
			buildRules = (
			);
			dependencies = (
				F75BD61A2F6A90EE0097863B /* PBXTargetDependency */,
			);
			fileSystemSynchronizedGroups = (
				F75BD61B2F6A90EE0097863B /* MeetingRecorderTests */,
			);
			name = MeetingRecorderTests;
			packageProductDependencies = (
			);
			productName = MeetingRecorderTests;
			productReference = F75BD6182F6A90EE0097863B /* MeetingRecorderTests.xctest */;
			productType = "com.apple.product-type.bundle.unit-test";
		};
		F75BD6212F6A90EE0097863B /* MeetingRecorderUITests */ = {
			isa = PBXNativeTarget;
			buildConfigurationList = F75BD6322F6A90EE0097863B /* Build configuration list for PBXNativeTarget "MeetingRecorderUITests" */;
			buildPhases = (
				F75BD61E2F6A90EE0097863B /* Sources */,
				F75BD61F2F6A90EE0097863B /* Frameworks */,
				F75BD6202F6A90EE0097863B /* Resources */,
			);
			buildRules = (
			);
			dependencies = (
				F75BD6242F6A90EE0097863B /* PBXTargetDependency */,
			);
			fileSystemSynchronizedGroups = (
				F75BD6252F6A90EE0097863B /* MeetingRecorderUITests */,
			);
			name = MeetingRecorderUITests;
			packageProductDependencies = (
			);
			productName = MeetingRecorderUITests;
			productReference = F75BD6222F6A90EE0097863B /* MeetingRecorderUITests.xctest */;
			productType = "com.apple.product-type.bundle.ui-testing";
		};
/* End PBXNativeTarget section */

/* Begin PBXProject section */
		F75BD6032F6A90EB0097863B /* Project object */ = {
			isa = PBXProject;
			attributes = {
				BuildIndependentTargetsInParallel = 1;
				LastSwiftUpdateCheck = 2630;
				LastUpgradeCheck = 2630;
				TargetAttributes = {
					F75BD60A2F6A90EB0097863B = {
						CreatedOnToolsVersion = 26.3;
						LastSwiftMigration = 2630;
					};
					F75BD6172F6A90EE0097863B = {
						CreatedOnToolsVersion = 26.3;
						TestTargetID = F75BD60A2F6A90EB0097863B;
					};
					F75BD6212F6A90EE0097863B = {
						CreatedOnToolsVersion = 26.3;
						TestTargetID = F75BD60A2F6A90EB0097863B;
					};
				};
			};
			buildConfigurationList = F75BD6062F6A90EB0097863B /* Build configuration list for PBXProject "MeetingRecorder" */;
			developmentRegion = en;
			hasScannedForEncodings = 0;
			knownRegions = (
				en,
				Base,
			);
			mainGroup = F75BD6022F6A90EB0097863B;
			minimizedProjectReferenceProxies = 1;
			preferredProjectObjectVersion = 77;
			productRefGroup = F75BD60C2F6A90EB0097863B /* Products */;
			projectDirPath = "";
			projectRoot = "";
			targets = (
				F75BD60A2F6A90EB0097863B /* MeetingRecorder */,
				F75BD6172F6A90EE0097863B /* MeetingRecorderTests */,
				F75BD6212F6A90EE0097863B /* MeetingRecorderUITests */,
			);
		};
/* End PBXProject section */

/* Begin PBXResourcesBuildPhase section */
		F75BD6092F6A90EB0097863B /* Resources */ = {
			isa = PBXResourcesBuildPhase;
			buildActionMask = 2147483647;
			files = (
			);
			runOnlyForDeploymentPostprocessing = 0;
		};
		F75BD6162F6A90EE0097863B /* Resources */ = {
			isa = PBXResourcesBuildPhase;
			buildActionMask = 2147483647;
			files = (
			);
			runOnlyForDeploymentPostprocessing = 0;
		};
		F75BD6202F6A90EE0097863B /* Resources */ = {
			isa = PBXResourcesBuildPhase;
			buildActionMask = 2147483647;
			files = (
			);
			runOnlyForDeploymentPostprocessing = 0;
		};
/* End PBXResourcesBuildPhase section */

/* Begin PBXSourcesBuildPhase section */
		F75BD6072F6A90EB0097863B /* Sources */ = {
			isa = PBXSourcesBuildPhase;
			buildActionMask = 2147483647;
			files = (
				F75BD6A92F6A95DC0097863B /* SettingsView.swift in Sources */,
				F75BD6AA2F6A95DC0097863B /* ContentView.swift in Sources */,
				F75BD6AB2F6A95DC0097863B /* LoginView.swift in Sources */,
				F75BD6AD2F6A95DC0097863B /* RecordingView.swift in Sources */,
				F75BD6B22F6AB5B60097863B /* MeetingDetailView.swift in Sources */,
				F75BD6AE2F6A95DC0097863B /* MeetingListView.swift in Sources */,
				F75BD69C2F6A95B90097863B /* MeetingRecord.swift in Sources */,
				F75BD6A02F6A95D30097863B /* KeychainManager.swift in Sources */,
				F75BD6A12F6A95D30097863B /* AudioRecordingManager.swift in Sources */,
				F75BD6A22F6A95D30097863B /* AIService.swift in Sources */,
				F75BD6992F6A95740097863B /* MeetingRecorderApp.swift in Sources */,
			);
			runOnlyForDeploymentPostprocessing = 0;
		};
		F75BD6142F6A90EE0097863B /* Sources */ = {
			isa = PBXSourcesBuildPhase;
			buildActionMask = 2147483647;
			files = (
			);
			runOnlyForDeploymentPostprocessing = 0;
		};
		F75BD61E2F6A90EE0097863B /* Sources */ = {
			isa = PBXSourcesBuildPhase;
			buildActionMask = 2147483647;
			files = (
			);
			runOnlyForDeploymentPostprocessing = 0;
		};
/* End PBXSourcesBuildPhase section */

/* Begin PBXTargetDependency section */
		F75BD61A2F6A90EE0097863B /* PBXTargetDependency */ = {
			isa = PBXTargetDependency;
			target = F75BD60A2F6A90EB0097863B /* MeetingRecorder */;
			targetProxy = F75BD6192F6A90EE0097863B /* PBXContainerItemProxy */;
		};
		F75BD6242F6A90EE0097863B /* PBXTargetDependency */ = {
			isa = PBXTargetDependency;
			target = F75BD60A2F6A90EB0097863B /* MeetingRecorder */;
			targetProxy = F75BD6232F6A90EE0097863B /* PBXContainerItemProxy */;
		};
/* End PBXTargetDependency section */

/* Begin XCBuildConfiguration section */
		F75BD62A2F6A90EE0097863B /* Debug */ = {
			isa = XCBuildConfiguration;
			buildSettings = {
				ALWAYS_SEARCH_USER_PATHS = NO;
				ASSETCATALOG_COMPILER_GENERATE_SWIFT_ASSET_SYMBOL_EXTENSIONS = YES;
				CLANG_ANALYZER_NONNULL = YES;
				CLANG_ANALYZER_NUMBER_OBJECT_CONVERSION = YES_AGGRESSIVE;
				CLANG_CXX_LANGUAGE_STANDARD = "gnu++20";
				CLANG_ENABLE_MODULES = YES;
				CLANG_ENABLE_OBJC_ARC = YES;
				CLANG_ENABLE_OBJC_WEAK = YES;
				CLANG_WARN_BLOCK_CAPTURE_AUTORELEASING = YES;
				CLANG_WARN_BOOL_CONVERSION = YES;
				CLANG_WARN_COMMA = YES;
				CLANG_WARN_CONSTANT_CONVERSION = YES;
				CLANG_WARN_DEPRECATED_OBJC_IMPLEMENTATIONS = YES;
				CLANG_WARN_DIRECT_OBJC_ISA_USAGE = YES_ERROR;
				CLANG_WARN_DOCUMENTATION_COMMENTS = YES;
				CLANG_WARN_EMPTY_BODY = YES;
				CLANG_WARN_ENUM_CONVERSION = YES;
				CLANG_WARN_INFINITE_RECURSION = YES;
				CLANG_WARN_INT_CONVERSION = YES;
				CLANG_WARN_NON_LITERAL_NULL_CONVERSION = YES;
				CLANG_WARN_OBJC_IMPLICIT_RETAIN_SELF = YES;
				CLANG_WARN_OBJC_LITERAL_CONVERSION = YES;
				CLANG_WARN_OBJC_ROOT_CLASS = YES_ERROR;
				CLANG_WARN_QUOTED_INCLUDE_IN_FRAMEWORK_HEADER = YES;
				CLANG_WARN_RANGE_LOOP_ANALYSIS = YES;
				CLANG_WARN_STRICT_PROTOTYPES = YES;
				CLANG_WARN_SUSPICIOUS_MOVE = YES;
				CLANG_WARN_UNGUARDED_AVAILABILITY = YES_AGGRESSIVE;
				CLANG_WARN_UNREACHABLE_CODE = YES;
				CLANG_WARN__DUPLICATE_METHOD_MATCH = YES;
				COPY_PHASE_STRIP = NO;
				DEBUG_INFORMATION_FORMAT = dwarf;
				ENABLE_STRICT_OBJC_MSGSEND = YES;
				ENABLE_TESTABILITY = YES;
				ENABLE_USER_SCRIPT_SANDBOXING = YES;
				GCC_C_LANGUAGE_STANDARD = gnu17;
				GCC_DYNAMIC_NO_PIC = NO;
				GCC_NO_COMMON_BLOCKS = YES;
				GCC_OPTIMIZATION_LEVEL = 0;
				GCC_PREPROCESSOR_DEFINITIONS = (
					"DEBUG=1",
					"$(inherited)",
				);
				GCC_WARN_64_TO_32_BIT_CONVERSION = YES;
				GCC_WARN_ABOUT_RETURN_TYPE = YES_ERROR;
				GCC_WARN_UNDECLARED_SELECTOR = YES;
				GCC_WARN_UNINITIALIZED_AUTOS = YES_AGGRESSIVE;
				GCC_WARN_UNUSED_FUNCTION = YES;
				GCC_WARN_UNUSED_VARIABLE = YES;
				IPHONEOS_DEPLOYMENT_TARGET = 26.2;
				LOCALIZATION_PREFERS_STRING_CATALOGS = YES;
				MTL_ENABLE_DEBUG_INFO = INCLUDE_SOURCE;
				MTL_FAST_MATH = YES;
				ONLY_ACTIVE_ARCH = YES;
				SDKROOT = iphoneos;
				SWIFT_ACTIVE_COMPILATION_CONDITIONS = "DEBUG $(inherited)";
				SWIFT_OPTIMIZATION_LEVEL = "-Onone";
			};
			name = Debug;
		};
		F75BD62B2F6A90EE0097863B /* Release */ = {
			isa = XCBuildConfiguration;
			buildSettings = {
				ALWAYS_SEARCH_USER_PATHS = NO;
				ASSETCATALOG_COMPILER_GENERATE_SWIFT_ASSET_SYMBOL_EXTENSIONS = YES;
				CLANG_ANALYZER_NONNULL = YES;
				CLANG_ANALYZER_NUMBER_OBJECT_CONVERSION = YES_AGGRESSIVE;
				CLANG_CXX_LANGUAGE_STANDARD = "gnu++20";
				CLANG_ENABLE_MODULES = YES;
				CLANG_ENABLE_OBJC_ARC = YES;
				CLANG_ENABLE_OBJC_WEAK = YES;
				CLANG_WARN_BLOCK_CAPTURE_AUTORELEASING = YES;
				CLANG_WARN_BOOL_CONVERSION = YES;
				CLANG_WARN_COMMA = YES;
				CLANG_WARN_CONSTANT_CONVERSION = YES;
				CLANG_WARN_DEPRECATED_OBJC_IMPLEMENTATIONS = YES;
				CLANG_WARN_DIRECT_OBJC_ISA_USAGE = YES_ERROR;
				CLANG_WARN_DOCUMENTATION_COMMENTS = YES;
				CLANG_WARN_EMPTY_BODY = YES;
				CLANG_WARN_ENUM_CONVERSION = YES;
				CLANG_WARN_INFINITE_RECURSION = YES;
				CLANG_WARN_INT_CONVERSION = YES;
				CLANG_WARN_NON_LITERAL_NULL_CONVERSION = YES;
				CLANG_WARN_OBJC_IMPLICIT_RETAIN_SELF = YES;
				CLANG_WARN_OBJC_LITERAL_CONVERSION = YES;
				CLANG_WARN_OBJC_ROOT_CLASS = YES_ERROR;
				CLANG_WARN_QUOTED_INCLUDE_IN_FRAMEWORK_HEADER = YES;
				CLANG_WARN_RANGE_LOOP_ANALYSIS = YES;
				CLANG_WARN_STRICT_PROTOTYPES = YES;
				CLANG_WARN_SUSPICIOUS_MOVE = YES;
				CLANG_WARN_UNGUARDED_AVAILABILITY = YES_AGGRESSIVE;
				CLANG_WARN_UNREACHABLE_CODE = YES;
				CLANG_WARN__DUPLICATE_METHOD_MATCH = YES;
				COPY_PHASE_STRIP = NO;
				DEBUG_INFORMATION_FORMAT = "dwarf-with-dsym";
				ENABLE_NS_ASSERTIONS = NO;
				ENABLE_STRICT_OBJC_MSGSEND = YES;
				ENABLE_USER_SCRIPT_SANDBOXING = YES;
				GCC_C_LANGUAGE_STANDARD = gnu17;
				GCC_NO_COMMON_BLOCKS = YES;
				GCC_WARN_64_TO_32_BIT_CONVERSION = YES;
				GCC_WARN_ABOUT_RETURN_TYPE = YES_ERROR;
				GCC_WARN_UNDECLARED_SELECTOR = YES;
				GCC_WARN_UNINITIALIZED_AUTOS = YES_AGGRESSIVE;
				GCC_WARN_UNUSED_FUNCTION = YES;
				GCC_WARN_UNUSED_VARIABLE = YES;
				IPHONEOS_DEPLOYMENT_TARGET = 26.2;
				LOCALIZATION_PREFERS_STRING_CATALOGS = YES;
				MTL_ENABLE_DEBUG_INFO = NO;
				MTL_FAST_MATH = YES;
				SDKROOT = iphoneos;
				SWIFT_COMPILATION_MODE = wholemodule;
				VALIDATE_PRODUCT = YES;
			};
			name = Release;
		};
		F75BD62D2F6A90EE0097863B /* Debug */ = {
			isa = XCBuildConfiguration;
			buildSettings = {
				ASSETCATALOG_COMPILER_APPICON_NAME = AppIcon;
				ASSETCATALOG_COMPILER_GLOBAL_ACCENT_COLOR_NAME = AccentColor;
				CLANG_ENABLE_MODULES = YES;
				CODE_SIGN_STYLE = Automatic;
				CURRENT_PROJECT_VERSION = 1;
				ENABLE_PREVIEWS = YES;
				GENERATE_INFOPLIST_FILE = YES;
				INFOPLIST_FILE = MeetingRecorder/Info.plist;
				INFOPLIST_KEY_NSMicrophoneUsageDescription = "";
				INFOPLIST_KEY_NSSpeechRecognitionUsageDescription = "";
				INFOPLIST_KEY_UIApplicationSceneManifest_Generation = YES;
				INFOPLIST_KEY_UIApplicationSupportsIndirectInputEvents = YES;
				INFOPLIST_KEY_UILaunchScreen_Generation = YES;
				INFOPLIST_KEY_UISupportedInterfaceOrientations_iPad = "UIInterfaceOrientationPortrait UIInterfaceOrientationPortraitUpsideDown UIInterfaceOrientationLandscapeLeft UIInterfaceOrientationLandscapeRight";
				INFOPLIST_KEY_UISupportedInterfaceOrientations_iPhone = "UIInterfaceOrientationPortrait UIInterfaceOrientationLandscapeLeft UIInterfaceOrientationLandscapeRight";
				IPHONEOS_DEPLOYMENT_TARGET = 17.0;
				LD_RUNPATH_SEARCH_PATHS = (
					"$(inherited)",
					"@executable_path/Frameworks",
				);
				MARKETING_VERSION = 1.0;
				PRODUCT_BUNDLE_IDENTIFIER = com.yourname.MeetingRecorder;
				PRODUCT_NAME = "$(TARGET_NAME)";
				STRING_CATALOG_GENERATE_SYMBOLS = YES;
				SWIFT_APPROACHABLE_CONCURRENCY = YES;
				SWIFT_DEFAULT_ACTOR_ISOLATION = MainActor;
				SWIFT_EMIT_LOC_STRINGS = YES;
				SWIFT_OBJC_BRIDGING_HEADER = "MeetingRecorder-Bridging-Header.h";
				SWIFT_OPTIMIZATION_LEVEL = "-Onone";
				SWIFT_UPCOMING_FEATURE_MEMBER_IMPORT_VISIBILITY = YES;
				SWIFT_VERSION = 5.0;
				TARGETED_DEVICE_FAMILY = "1,2";
			};
			name = Debug;
		};
		F75BD62E2F6A90EE0097863B /* Release */ = {
			isa = XCBuildConfiguration;
			buildSettings = {
				ASSETCATALOG_COMPILER_APPICON_NAME = AppIcon;
				ASSETCATALOG_COMPILER_GLOBAL_ACCENT_COLOR_NAME = AccentColor;
				CLANG_ENABLE_MODULES = YES;
				CODE_SIGN_STYLE = Automatic;
				CURRENT_PROJECT_VERSION = 1;
				ENABLE_PREVIEWS = YES;
				GENERATE_INFOPLIST_FILE = YES;
				INFOPLIST_FILE = MeetingRecorder/Info.plist;
				INFOPLIST_KEY_NSMicrophoneUsageDescription = "";
				INFOPLIST_KEY_NSSpeechRecognitionUsageDescription = "";
				INFOPLIST_KEY_UIApplicationSceneManifest_Generation = YES;
				INFOPLIST_KEY_UIApplicationSupportsIndirectInputEvents = YES;
				INFOPLIST_KEY_UILaunchScreen_Generation = YES;
				INFOPLIST_KEY_UISupportedInterfaceOrientations_iPad = "UIInterfaceOrientationPortrait UIInterfaceOrientationPortraitUpsideDown UIInterfaceOrientationLandscapeLeft UIInterfaceOrientationLandscapeRight";
				INFOPLIST_KEY_UISupportedInterfaceOrientations_iPhone = "UIInterfaceOrientationPortrait UIInterfaceOrientationLandscapeLeft UIInterfaceOrientationLandscapeRight";
				IPHONEOS_DEPLOYMENT_TARGET = 17.0;
				LD_RUNPATH_SEARCH_PATHS = (
					"$(inherited)",
					"@executable_path/Frameworks",
				);
				MARKETING_VERSION = 1.0;
				PRODUCT_BUNDLE_IDENTIFIER = com.yourname.MeetingRecorder;
				PRODUCT_NAME = "$(TARGET_NAME)";
				STRING_CATALOG_GENERATE_SYMBOLS = YES;
				SWIFT_APPROACHABLE_CONCURRENCY = YES;
				SWIFT_DEFAULT_ACTOR_ISOLATION = MainActor;
				SWIFT_EMIT_LOC_STRINGS = YES;
				SWIFT_OBJC_BRIDGING_HEADER = "MeetingRecorder-Bridging-Header.h";
				SWIFT_UPCOMING_FEATURE_MEMBER_IMPORT_VISIBILITY = YES;
				SWIFT_VERSION = 5.0;
				TARGETED_DEVICE_FAMILY = "1,2";
			};
			name = Release;
		};
		F75BD6302F6A90EE0097863B /* Debug */ = {
			isa = XCBuildConfiguration;
			buildSettings = {
				BUNDLE_LOADER = "$(TEST_HOST)";
				CODE_SIGN_STYLE = Automatic;
				CURRENT_PROJECT_VERSION = 1;
				GENERATE_INFOPLIST_FILE = YES;
				IPHONEOS_DEPLOYMENT_TARGET = 26.2;
				MARKETING_VERSION = 1.0;
				PRODUCT_BUNDLE_IDENTIFIER = com.yourname.MeetingRecorderTests;
				PRODUCT_NAME = "$(TARGET_NAME)";
				STRING_CATALOG_GENERATE_SYMBOLS = NO;
				SWIFT_APPROACHABLE_CONCURRENCY = YES;
				SWIFT_EMIT_LOC_STRINGS = NO;
				SWIFT_UPCOMING_FEATURE_MEMBER_IMPORT_VISIBILITY = YES;
				SWIFT_VERSION = 5.0;
				TARGETED_DEVICE_FAMILY = "1,2";
				TEST_HOST = "$(BUILT_PRODUCTS_DIR)/MeetingRecorder.app/$(BUNDLE_EXECUTABLE_FOLDER_PATH)/MeetingRecorder";
			};
			name = Debug;
		};
		F75BD6312F6A90EE0097863B /* Release */ = {
			isa = XCBuildConfiguration;
			buildSettings = {
				BUNDLE_LOADER = "$(TEST_HOST)";
				CODE_SIGN_STYLE = Automatic;
				CURRENT_PROJECT_VERSION = 1;
				GENERATE_INFOPLIST_FILE = YES;
				IPHONEOS_DEPLOYMENT_TARGET = 26.2;
				MARKETING_VERSION = 1.0;
				PRODUCT_BUNDLE_IDENTIFIER = com.yourname.MeetingRecorderTests;
				PRODUCT_NAME = "$(TARGET_NAME)";
				STRING_CATALOG_GENERATE_SYMBOLS = NO;
				SWIFT_APPROACHABLE_CONCURRENCY = YES;
				SWIFT_EMIT_LOC_STRINGS = NO;
				SWIFT_UPCOMING_FEATURE_MEMBER_IMPORT_VISIBILITY = YES;
				SWIFT_VERSION = 5.0;
				TARGETED_DEVICE_FAMILY = "1,2";
				TEST_HOST = "$(BUILT_PRODUCTS_DIR)/MeetingRecorder.app/$(BUNDLE_EXECUTABLE_FOLDER_PATH)/MeetingRecorder";
			};
			name = Release;
		};
		F75BD6332F6A90EE0097863B /* Debug */ = {
			isa = XCBuildConfiguration;
			buildSettings = {
				CODE_SIGN_STYLE = Automatic;
				CURRENT_PROJECT_VERSION = 1;
				GENERATE_INFOPLIST_FILE = YES;
				MARKETING_VERSION = 1.0;
				PRODUCT_BUNDLE_IDENTIFIER = com.yourname.MeetingRecorderUITests;
				PRODUCT_NAME = "$(TARGET_NAME)";
				STRING_CATALOG_GENERATE_SYMBOLS = NO;
				SWIFT_APPROACHABLE_CONCURRENCY = YES;
				SWIFT_EMIT_LOC_STRINGS = NO;
				SWIFT_UPCOMING_FEATURE_MEMBER_IMPORT_VISIBILITY = YES;
				SWIFT_VERSION = 5.0;
				TARGETED_DEVICE_FAMILY = "1,2";
				TEST_TARGET_NAME = MeetingRecorder;
			};
			name = Debug;
		};
		F75BD6342F6A90EE0097863B /* Release */ = {
			isa = XCBuildConfiguration;
			buildSettings = {
				CODE_SIGN_STYLE = Automatic;
				CURRENT_PROJECT_VERSION = 1;
				GENERATE_INFOPLIST_FILE = YES;
				MARKETING_VERSION = 1.0;
				PRODUCT_BUNDLE_IDENTIFIER = com.yourname.MeetingRecorderUITests;
				PRODUCT_NAME = "$(TARGET_NAME)";
				STRING_CATALOG_GENERATE_SYMBOLS = NO;
				SWIFT_APPROACHABLE_CONCURRENCY = YES;
				SWIFT_EMIT_LOC_STRINGS = NO;
				SWIFT_UPCOMING_FEATURE_MEMBER_IMPORT_VISIBILITY = YES;
				SWIFT_VERSION = 5.0;
				TARGETED_DEVICE_FAMILY = "1,2";
				TEST_TARGET_NAME = MeetingRecorder;
			};
			name = Release;
		};
/* End XCBuildConfiguration section */

/* Begin XCConfigurationList section */
		F75BD6062F6A90EB0097863B /* Build configuration list for PBXProject "MeetingRecorder" */ = {
			isa = XCConfigurationList;
			buildConfigurations = (
				F75BD62A2F6A90EE0097863B /* Debug */,
				F75BD62B2F6A90EE0097863B /* Release */,
			);
			defaultConfigurationIsVisible = 0;
			defaultConfigurationName = Release;
		};
		F75BD62C2F6A90EE0097863B /* Build configuration list for PBXNativeTarget "MeetingRecorder" */ = {
			isa = XCConfigurationList;
			buildConfigurations = (
				F75BD62D2F6A90EE0097863B /* Debug */,
				F75BD62E2F6A90EE0097863B /* Release */,
			);
			defaultConfigurationIsVisible = 0;
			defaultConfigurationName = Release;
		};
		F75BD62F2F6A90EE0097863B /* Build configuration list for PBXNativeTarget "MeetingRecorderTests" */ = {
			isa = XCConfigurationList;
			buildConfigurations = (
				F75BD6302F6A90EE0097863B /* Debug */,
				F75BD6312F6A90EE0097863B /* Release */,
			);
			defaultConfigurationIsVisible = 0;
			defaultConfigurationName = Release;
		};
		F75BD6322F6A90EE0097863B /* Build configuration list for PBXNativeTarget "MeetingRecorderUITests" */ = {
			isa = XCConfigurationList;
			buildConfigurations = (
				F75BD6332F6A90EE0097863B /* Debug */,
				F75BD6342F6A90EE0097863B /* Release */,
			);
			defaultConfigurationIsVisible = 0;
			defaultConfigurationName = Release;
		};
/* End XCConfigurationList section */
	};
	rootObject = F75BD6032F6A90EB0097863B /* Project object */;
}
